{
  "name": "stencil-bug",
  "version": "0.0.1",
  "lockfileVersion": 3,
  "requires": true,
  "packages": {
    "": {
      "name": "stencil-bug",
      "version": "0.0.1",
      "devDependencies": {
        "@stencil/core": "^4.11.0",
        "@stencil/sass": "3.0.8"
      }
    },
    "node_modules/@stencil/core": {
      "version": "4.11.0",
      "resolved": "https://registry.npmjs.org/@stencil/core/-/core-4.11.0.tgz",
      "integrity": "sha512-zsKhgIkTGo+s7IthitxR/MKiMS3Ck1yIypOdXr0aE6ofboKqe9NdffTcxZ0vel0wD2bZYOb6WfPMzuhRKk6+FA==",
      "dev": true,
      "bin": {
        "stencil": "bin/stencil"
      },
      "engines": {
        "node": ">=16.0.0",
        "npm": ">=7.10.0"
      }
    },
    "node_modules/@stencil/sass": {
      "version": "3.0.8",
      "resolved": "https://registry.npmjs.org/@stencil/sass/-/sass-3.0.8.tgz",
      "integrity": "sha512-QJUG4Dr/b3wSizViwQXorrk1PJzxOsKkq5hSqtUHc3NNG3iomC4DQFYGeu15yNfoCDBtt4qkyHSCynsekQ8F6A==",
      "dev": true,
      "engines": {
        "node": ">=12.0.0",
        "npm": ">=6.0.0"
      },
      "peerDependencies": {
        "@stencil/core": ">=2.0.0 || >=3.0.0-beta.0 || >= 4.0.0-beta.0 || >= 4.0.0"
      }
    }
  }
}
